# This file is autogenerated, do not edit; changes may be undone by the next 'dep ensure'.


[[projects]]
  branch = "master"
  digest = "1:e331ee875c8d66321449e08453d07f38445091bb58d587c4a14991ca1f3f253c"
  name = "github.com/aristanetworks/glog"
  packages = ["."]
  pruneopts = "UT"
  revision = "c15b03b3054fad746a613d771e562a7767f79c63"

[[projects]]
  branch = "master"
  digest = "1:8374e44cc2dbdcb82c7694870a4ff071bf7300f061249ff499be5cd6945fae09"
  name = "github.com/aristanetworks/goarista"
  packages = [
    "areflect",
    "gnmi",
    "key",
    "netns",
    "path",
    "value",
  ]
  pruneopts = "UT"
  revision = "6ada2baa9c4cd3eb613d1dece309529f7514101a"

[[projects]]
  digest = "1:b60efdeb75d3c0ceed88783ac2495256aba3491a537d0f31401202579fd62a94"
  name = "github.com/golang/mock"
  packages = ["gomock"]
  pruneopts = "UT"
  revision = "51421b967af1f557f93a59e0057aaf15ca02e29c"
  version = "v1.2.0"

[[projects]]
  digest = "1:5d1b5a25486fc7d4e133646d834f6fca7ba1cef9903d40e7aa786c41b89e9e91"
  name = "github.com/golang/protobuf"
  packages = [
    "proto",
    "protoc-gen-go/descriptor",
    "ptypes",
    "ptypes/any",
    "ptypes/duration",
    "ptypes/timestamp",
  ]
  pruneopts = "UT"
  revision = "aa810b61a9c79d51363740d207bb46cf8e620ed5"
  version = "v1.2.0"

[[projects]]
  branch = "master"
  digest = "1:6688e7f83f136b2909e1cd6f9ae3ba4ec92be8d89b273187f19df7939ae176e4"
  name = "github.com/openconfig/gnmi"
  packages = [
    "proto/gnmi",
    "proto/gnmi_ext",
  ]
  pruneopts = "UT"
  revision = "33a1865c302903e7a2e06f35960e6bc31e84b9f6"

[[projects]]
  digest = "1:98e86b9bb8fbb9053ba2b213c69cfc4753335e53d842178cebea6526a60571f3"
  name = "github.com/soniah/gosnmp"
  packages = ["."]
  pruneopts = "UT"
  revision = "28507a583d6f323959b554e0fc6d33eb589f5c05"
  version = "v1.16"

[[projects]]
  branch = "master"
  digest = "1:293d03d721a8bebb909ff16dad088981a995204f67df318456f92ffe13e8e8cd"
  name = "golang.org/x/net"
  packages = [
    "context",
    "http/httpguts",
    "http2",
    "http2/hpack",
    "idna",
    "internal/timeseries",
    "trace",
  ]
  pruneopts = "UT"
  revision = "915654e7eabcea33ae277abbecf52f0d8b7a9fdc"

[[projects]]
  branch = "master"
  digest = "1:d8e319d450f0e90df8dcf8c9934a878af800d0f4c692cb9657748f0cffff486e"
  name = "golang.org/x/sys"
  packages = ["unix"]
  pruneopts = "UT"
  revision = "2be51725563103c17124a318f1745b66f2347acb"

[[projects]]
  digest = "1:a2ab62866c75542dd18d2b069fec854577a20211d7c0ea6ae746072a1dccdd18"
  name = "golang.org/x/text"
  packages = [
    "collate",
    "collate/build",
    "internal/colltab",
    "internal/gen",
    "internal/tag",
    "internal/triegen",
    "internal/ucd",
    "language",
    "secure/bidirule",
    "transform",
    "unicode/bidi",
    "unicode/cldr",
    "unicode/norm",
    "unicode/rangetable",
  ]
  pruneopts = "UT"
  revision = "f21a4dfb5e38f5895301dc265a8def02365cc3d0"
  version = "v0.3.0"

[[projects]]
  branch = "master"
  digest = "1:9fdc2b55e8e0fafe4b41884091e51e77344f7dc511c5acedcfd98200003bff90"
  name = "golang.org/x/time"
  packages = ["rate"]
  pruneopts = "UT"
  revision = "85acf8d2951cb2a3bde7632f9ff273ef0379bcbd"

[[projects]]
  branch = "master"
  digest = "1:077c1c599507b3b3e9156d17d36e1e61928ee9b53a5b420f10f28ebd4a0b275c"
  name = "google.golang.org/genproto"
  packages = ["googleapis/rpc/status"]
  pruneopts = "UT"
  revision = "db91494dd46c1fdcbbde05e5ff5eb56df8f7d79a"

[[projects]]
  digest = "1:5b97067b3cf99ae671130350915fc81e531d1c1a9875320b2cdd0aa0781b9a3a"
  name = "google.golang.org/grpc"
  packages = [
    ".",
    "balancer",
    "balancer/base",
    "balancer/roundrobin",
    "binarylog/grpc_binarylog_v1",
    "codes",
    "connectivity",
    "credentials",
    "credentials/internal",
    "encoding",
    "encoding/gzip",
    "encoding/proto",
    "grpclog",
    "internal",
    "internal/backoff",
    "internal/binarylog",
    "internal/channelz",
    "internal/envconfig",
    "internal/grpcrand",
    "internal/grpcsync",
    "internal/syscall",
    "internal/transport",
    "keepalive",
    "metadata",
    "naming",
    "peer",
    "resolver",
    "resolver/dns",
    "resolver/passthrough",
    "stats",
    "status",
    "tap",
  ]
  pruneopts = "UT"
  revision = "df014850f6dee74ba2fc94874043a9f3f75fbfd8"
  version = "v1.17.0"

[solve-meta]
  analyzer-name = "dep"
  analyzer-version = 1
  input-imports = [
    "github.com/aristanetworks/glog",
    "github.com/aristanetworks/goarista/gnmi",
    "github.com/aristanetworks/goarista/key",
    "github.com/aristanetworks/goarista/path",
    "github.com/golang/protobuf/proto",
    "github.com/golang/protobuf/ptypes/any",
    "github.com/openconfig/gnmi/proto/gnmi",
    "github.com/soniah/gosnmp",
    "google.golang.org/grpc",
    "google.golang.org/grpc/metadata",
  ]
  solver-name = "gps-cdcl"
  solver-version = 1
